
Microsoft Visual Studio Solution File, Format Version 12.00
# Visual Studio Version 16
VisualStudioVersion = 16.0.30804.86
MinimumVisualStudioVersion = 10.0.40219.1
Project("{9A19103F-16F7-4668-BE54-9A1E7A4F7556}") = "Udemy_CSharp_Fofanov", "Udemy_CSharp_Fofanov\Udemy_CSharp_Fofanov.csproj", "{BF9A2B75-332D-4AB2-BB50-3398195F10FF}"
EndProject
Project("{9A19103F-16F7-4668-BE54-9A1E7A4F7556}") = "12_Lesson", "12_Lesson\12_Lesson.csproj", "{087ED054-6289-48E9-97F9-954DB5766517}"
EndProject
Project("{9A19103F-16F7-4668-BE54-9A1E7A4F7556}") = "16_Lesson", "13_Lesson\16_Lesson.csproj", "{B1BBF2DB-F8AA-42DC-840D-CC0DA405F616}"
EndProject
Project("{9A19103F-16F7-4668-BE54-9A1E7A4F7556}") = "18_Lesson", "18_Lesson\18_Lesson.csproj", "{6C3A5139-D9CE-4AC2-AED3-5C86EEB04F81}"
EndProject
Project("{9A19103F-16F7-4668-BE54-9A1E7A4F7556}") = "19_Lesson", "19_Lesson\19_Lesson.csproj", "{904A85BE-D631-4C56-B56E-A72FA7E91895}"
EndProject
Project("{FAE04EC0-301F-11D3-BF4B-00C04F79EFBC}") = "20_Lesson", "20_Lesson\20_Lesson.csproj", "{98CBE8F5-8E42-4B09-966A-FA6E21629984}"
EndProject
Global
	GlobalSection(SolutionConfigurationPlatforms) = preSolution
		Debug|Any CPU = Debug|Any CPU
		Release|Any CPU = Release|Any CPU
	EndGlobalSection
	GlobalSection(ProjectConfigurationPlatforms) = postSolution
		{BF9A2B75-332D-4AB2-BB50-3398195F10FF}.Debug|Any CPU.ActiveCfg = Debug|Any CPU
		{BF9A2B75-332D-4AB2-BB50-3398195F10FF}.Debug|Any CPU.Build.0 = Debug|Any CPU
		{BF9A2B75-332D-4AB2-BB50-3398195F10FF}.Release|Any CPU.ActiveCfg = Release|Any CPU
		{BF9A2B75-332D-4AB2-BB50-3398195F10FF}.Release|Any CPU.Build.0 = Release|Any CPU
		{087ED054-6289-48E9-97F9-954DB5766517}.Debug|Any CPU.ActiveCfg = Debug|Any CPU
		{087ED054-6289-48E9-97F9-954DB5766517}.Debug|Any CPU.Build.0 = Debug|Any CPU
		{087ED054-6289-48E9-97F9-954DB5766517}.Release|Any CPU.ActiveCfg = Release|Any CPU
		{087ED054-6289-48E9-97F9-954DB5766517}.Release|Any CPU.Build.0 = Release|Any CPU
		{B1BBF2DB-F8AA-42DC-840D-CC0DA405F616}.Debug|Any CPU.ActiveCfg = Debug|Any CPU
		{B1BBF2DB-F8AA-42DC-840D-CC0DA405F616}.Debug|Any CPU.Build.0 = Debug|Any CPU
		{B1BBF2DB-F8AA-42DC-840D-CC0DA405F616}.Release|Any CPU.ActiveCfg = Release|Any CPU
		{B1BBF2DB-F8AA-42DC-840D-CC0DA405F616}.Release|Any CPU.Build.0 = Release|Any CPU
		{6C3A5139-D9CE-4AC2-AED3-5C86EEB04F81}.Debug|Any CPU.ActiveCfg = Debug|Any CPU
		{6C3A5139-D9CE-4AC2-AED3-5C86EEB04F81}.Debug|Any CPU.Build.0 = Debug|Any CPU
		{6C3A5139-D9CE-4AC2-AED3-5C86EEB04F81}.Release|Any CPU.ActiveCfg = Release|Any CPU
		{6C3A5139-D9CE-4AC2-AED3-5C86EEB04F81}.Release|Any CPU.Build.0 = Release|Any CPU
		{904A85BE-D631-4C56-B56E-A72FA7E91895}.Debug|Any CPU.ActiveCfg = Debug|Any CPU
		{904A85BE-D631-4C56-B56E-A72FA7E91895}.Debug|Any CPU.Build.0 = Debug|Any CPU
		{904A85BE-D631-4C56-B56E-A72FA7E91895}.Release|Any CPU.ActiveCfg = Release|Any CPU
		{904A85BE-D631-4C56-B56E-A72FA7E91895}.Release|Any CPU.Build.0 = Release|Any CPU
		{98CBE8F5-8E42-4B09-966A-FA6E21629984}.Debug|Any CPU.ActiveCfg = Debug|Any CPU
		{98CBE8F5-8E42-4B09-966A-FA6E21629984}.Debug|Any CPU.Build.0 = Debug|Any CPU
		{98CBE8F5-8E42-4B09-966A-FA6E21629984}.Release|Any CPU.ActiveCfg = Release|Any CPU
		{98CBE8F5-8E42-4B09-966A-FA6E21629984}.Release|Any CPU.Build.0 = Release|Any CPU
	EndGlobalSection
	GlobalSection(SolutionProperties) = preSolution
		HideSolutionNode = FALSE
	EndGlobalSection
	GlobalSection(ExtensibilityGlobals) = postSolution
		SolutionGuid = {EEE346D3-A817-423C-9D91-C69C980784EF}
	EndGlobalSection
EndGlobal
