
Microsoft Visual Studio Solution File, Format Version 12.00
# Visual Studio Version 16
VisualStudioVersion = 16.0.30804.86
MinimumVisualStudioVersion = 10.0.40219.1
Project("{9A19103F-16F7-4668-BE54-9A1E7A4F7556}") = "Udemy_CSharp_Fofanov", "Udemy_CSharp_Fofanov\Udemy_CSharp_Fofanov.csproj", "{BF9A2B75-332D-4AB2-BB50-3398195F10FF}"
EndProject
Project("{9A19103F-16F7-4668-BE54-9A1E7A4F7556}") = "12_Lesson", "12_Lesson\12_Lesson.csproj", "{087ED054-6289-48E9-97F9-954DB5766517}"
EndProject
Project("{9A19103F-16F7-4668-BE54-9A1E7A4F7556}") = "16_Lesson", "13_Lesson\16_Lesson.csproj", "{B1BBF2DB-F8AA-42DC-840D-CC0DA405F616}"
EndProject
Project("{9A19103F-16F7-4668-BE54-9A1E7A4F7556}") = "18_Lesson", "18_Lesson\18_Lesson.csproj", "{6C3A5139-D9CE-4AC2-AED3-5C86EEB04F81}"
EndProject
Project("{9A19103F-16F7-4668-BE54-9A1E7A4F7556}") = "19_Lesson", "19_Lesson\19_Lesson.csproj", "{904A85BE-D631-4C56-B56E-A72FA7E91895}"
EndProject
Project("{9A19103F-16F7-4668-BE54-9A1E7A4F7556}") = "20_Lesson", "20_Lesson\20_Lesson.csproj", "{98CBE8F5-8E42-4B09-966A-FA6E21629984}"
EndProject
Project("{9A19103F-16F7-4668-BE54-9A1E7A4F7556}") = "21_Lesson", "21_Lesson\21_Lesson.csproj", "{FD55D176-F3E7-4311-8C59-A2652146761D}"
EndProject
Project("{9A19103F-16F7-4668-BE54-9A1E7A4F7556}") = "22_Lesson", "22_Lesson\22_Lesson.csproj", "{BA89D6E7-E8E2-4B5E-96D7-DC02EB0F54B5}"
EndProject
Project("{9A19103F-16F7-4668-BE54-9A1E7A4F7556}") = "23_Lesson", "23_Lesson\23_Lesson.csproj", "{9667B20D-0B39-4485-A0F1-2AD6C7C366A6}"
EndProject
Project("{9A19103F-16F7-4668-BE54-9A1E7A4F7556}") = "24_Lesson", "24_Lesson\24_Lesson.csproj", "{6EEC1B52-F312-474C-AF60-206574516546}"
EndProject
Project("{FAE04EC0-301F-11D3-BF4B-00C04F79EFBC}") = "27_Lesson", "27_Lesson\27_Lesson.csproj", "{8CE60B06-7387-453D-845B-8D6A8CAEC3BF}"
EndProject
Project("{FAE04EC0-301F-11D3-BF4B-00C04F79EFBC}") = "28_Lesson", "28_Lesson\28_Lesson.csproj", "{77FCF25C-2423-4480-9940-AC38B13CF930}"
EndProject
Project("{FAE04EC0-301F-11D3-BF4B-00C04F79EFBC}") = "29_Lesson", "29_Lesson\29_Lesson.csproj", "{017B35D4-6C9E-4284-99A4-097DB67E3AC5}"
EndProject
Project("{FAE04EC0-301F-11D3-BF4B-00C04F79EFBC}") = "30_HomeWork", "Home_Work_1-3\30_HomeWork.csproj", "{D775268E-A540-4F74-A4BB-07462FB9EE15}"
EndProject
Project("{FAE04EC0-301F-11D3-BF4B-00C04F79EFBC}") = "32_HomeWork", "32_HomeWork\32_HomeWork.csproj", "{3AE9E09E-3873-4EC4-B8EA-4846AEA378AF}"
EndProject
Project("{FAE04EC0-301F-11D3-BF4B-00C04F79EFBC}") = "34_HomeWork", "34_HomeWork\34_HomeWork.csproj", "{E0F7B08B-B371-4D39-BFE2-4EE94B2A7F8C}"
EndProject
Project("{FAE04EC0-301F-11D3-BF4B-00C04F79EFBC}") = "36_Lesson", "36_Lesson\36_Lesson.csproj", "{52DDCF0C-51C8-4C9C-BBD6-FDE48F8F31AC}"
EndProject
Project("{FAE04EC0-301F-11D3-BF4B-00C04F79EFBC}") = "37_HomeWork", "37_HomeWork\37_HomeWork.csproj", "{EB6CF8CA-038C-422A-AA2E-782F5257AFFC}"
EndProject
Project("{FAE04EC0-301F-11D3-BF4B-00C04F79EFBC}") = "39_Lesson", "39_Lesson\39_Lesson.csproj", "{FBBD32EF-1DEF-4BE7-BD88-46E904059543}"
EndProject
Project("{FAE04EC0-301F-11D3-BF4B-00C04F79EFBC}") = "40_Lesson", "40_Lesson\40_Lesson.csproj", "{ABDBD429-B224-4617-82F2-D7503CCA65B6}"
EndProject
Project("{FAE04EC0-301F-11D3-BF4B-00C04F79EFBC}") = "41_Lesson", "41_Lesson\41_Lesson.csproj", "{EDED6A85-3304-477D-832F-27336807B5B4}"
EndProject
Project("{FAE04EC0-301F-11D3-BF4B-00C04F79EFBC}") = "42_Lesson", "42_Lesson\42_Lesson.csproj", "{764BB654-B94F-4517-9548-9B4A02E6E399}"
EndProject
Project("{FAE04EC0-301F-11D3-BF4B-00C04F79EFBC}") = "43_Lesson", "43_Lesson\43_Lesson.csproj", "{F12ACAAB-5267-46D4-868B-84BABABBDDAE}"
EndProject
Project("{FAE04EC0-301F-11D3-BF4B-00C04F79EFBC}") = "45_HomeWork", "45_HomeWork\45_HomeWork.csproj", "{ED1955AB-8662-4DEC-A515-D91F96D97252}"
EndProject
Project("{FAE04EC0-301F-11D3-BF4B-00C04F79EFBC}") = "47_HomeWork", "47_HomeWork\47_HomeWork.csproj", "{4A350082-21D9-4061-8626-7E1BE569A342}"
EndProject
Project("{FAE04EC0-301F-11D3-BF4B-00C04F79EFBC}") = "49_HomeWork", "49_HomeWork\49_HomeWork.csproj", "{E9A610E3-C584-4D97-B2D3-21E6D482D675}"
EndProject
Project("{FAE04EC0-301F-11D3-BF4B-00C04F79EFBC}") = "51_HomeWork", "51_HomeWork\51_HomeWork.csproj", "{926F614F-5F36-4201-8868-327522B217AB}"
EndProject
Project("{FAE04EC0-301F-11D3-BF4B-00C04F79EFBC}") = "53_Lesson", "53_Lesson\53_Lesson.csproj", "{A1A38288-3512-43EE-A129-460C364E7180}"
EndProject
Global
	GlobalSection(SolutionConfigurationPlatforms) = preSolution
		Debug|Any CPU = Debug|Any CPU
		Release|Any CPU = Release|Any CPU
	EndGlobalSection
	GlobalSection(ProjectConfigurationPlatforms) = postSolution
		{BF9A2B75-332D-4AB2-BB50-3398195F10FF}.Debug|Any CPU.ActiveCfg = Debug|Any CPU
		{BF9A2B75-332D-4AB2-BB50-3398195F10FF}.Debug|Any CPU.Build.0 = Debug|Any CPU
		{BF9A2B75-332D-4AB2-BB50-3398195F10FF}.Release|Any CPU.ActiveCfg = Release|Any CPU
		{BF9A2B75-332D-4AB2-BB50-3398195F10FF}.Release|Any CPU.Build.0 = Release|Any CPU
		{087ED054-6289-48E9-97F9-954DB5766517}.Debug|Any CPU.ActiveCfg = Debug|Any CPU
		{087ED054-6289-48E9-97F9-954DB5766517}.Debug|Any CPU.Build.0 = Debug|Any CPU
		{087ED054-6289-48E9-97F9-954DB5766517}.Release|Any CPU.ActiveCfg = Release|Any CPU
		{087ED054-6289-48E9-97F9-954DB5766517}.Release|Any CPU.Build.0 = Release|Any CPU
		{B1BBF2DB-F8AA-42DC-840D-CC0DA405F616}.Debug|Any CPU.ActiveCfg = Debug|Any CPU
		{B1BBF2DB-F8AA-42DC-840D-CC0DA405F616}.Debug|Any CPU.Build.0 = Debug|Any CPU
		{B1BBF2DB-F8AA-42DC-840D-CC0DA405F616}.Release|Any CPU.ActiveCfg = Release|Any CPU
		{B1BBF2DB-F8AA-42DC-840D-CC0DA405F616}.Release|Any CPU.Build.0 = Release|Any CPU
		{6C3A5139-D9CE-4AC2-AED3-5C86EEB04F81}.Debug|Any CPU.ActiveCfg = Debug|Any CPU
		{6C3A5139-D9CE-4AC2-AED3-5C86EEB04F81}.Debug|Any CPU.Build.0 = Debug|Any CPU
		{6C3A5139-D9CE-4AC2-AED3-5C86EEB04F81}.Release|Any CPU.ActiveCfg = Release|Any CPU
		{6C3A5139-D9CE-4AC2-AED3-5C86EEB04F81}.Release|Any CPU.Build.0 = Release|Any CPU
		{904A85BE-D631-4C56-B56E-A72FA7E91895}.Debug|Any CPU.ActiveCfg = Debug|Any CPU
		{904A85BE-D631-4C56-B56E-A72FA7E91895}.Debug|Any CPU.Build.0 = Debug|Any CPU
		{904A85BE-D631-4C56-B56E-A72FA7E91895}.Release|Any CPU.ActiveCfg = Release|Any CPU
		{904A85BE-D631-4C56-B56E-A72FA7E91895}.Release|Any CPU.Build.0 = Release|Any CPU
		{98CBE8F5-8E42-4B09-966A-FA6E21629984}.Debug|Any CPU.ActiveCfg = Debug|Any CPU
		{98CBE8F5-8E42-4B09-966A-FA6E21629984}.Debug|Any CPU.Build.0 = Debug|Any CPU
		{98CBE8F5-8E42-4B09-966A-FA6E21629984}.Release|Any CPU.ActiveCfg = Release|Any CPU
		{98CBE8F5-8E42-4B09-966A-FA6E21629984}.Release|Any CPU.Build.0 = Release|Any CPU
		{FD55D176-F3E7-4311-8C59-A2652146761D}.Debug|Any CPU.ActiveCfg = Debug|Any CPU
		{FD55D176-F3E7-4311-8C59-A2652146761D}.Debug|Any CPU.Build.0 = Debug|Any CPU
		{FD55D176-F3E7-4311-8C59-A2652146761D}.Release|Any CPU.ActiveCfg = Release|Any CPU
		{FD55D176-F3E7-4311-8C59-A2652146761D}.Release|Any CPU.Build.0 = Release|Any CPU
		{BA89D6E7-E8E2-4B5E-96D7-DC02EB0F54B5}.Debug|Any CPU.ActiveCfg = Debug|Any CPU
		{BA89D6E7-E8E2-4B5E-96D7-DC02EB0F54B5}.Debug|Any CPU.Build.0 = Debug|Any CPU
		{BA89D6E7-E8E2-4B5E-96D7-DC02EB0F54B5}.Release|Any CPU.ActiveCfg = Release|Any CPU
		{BA89D6E7-E8E2-4B5E-96D7-DC02EB0F54B5}.Release|Any CPU.Build.0 = Release|Any CPU
		{9667B20D-0B39-4485-A0F1-2AD6C7C366A6}.Debug|Any CPU.ActiveCfg = Debug|Any CPU
		{9667B20D-0B39-4485-A0F1-2AD6C7C366A6}.Debug|Any CPU.Build.0 = Debug|Any CPU
		{9667B20D-0B39-4485-A0F1-2AD6C7C366A6}.Release|Any CPU.ActiveCfg = Release|Any CPU
		{9667B20D-0B39-4485-A0F1-2AD6C7C366A6}.Release|Any CPU.Build.0 = Release|Any CPU
		{6EEC1B52-F312-474C-AF60-206574516546}.Debug|Any CPU.ActiveCfg = Debug|Any CPU
		{6EEC1B52-F312-474C-AF60-206574516546}.Debug|Any CPU.Build.0 = Debug|Any CPU
		{6EEC1B52-F312-474C-AF60-206574516546}.Release|Any CPU.ActiveCfg = Release|Any CPU
		{6EEC1B52-F312-474C-AF60-206574516546}.Release|Any CPU.Build.0 = Release|Any CPU
		{8CE60B06-7387-453D-845B-8D6A8CAEC3BF}.Debug|Any CPU.ActiveCfg = Debug|Any CPU
		{8CE60B06-7387-453D-845B-8D6A8CAEC3BF}.Debug|Any CPU.Build.0 = Debug|Any CPU
		{8CE60B06-7387-453D-845B-8D6A8CAEC3BF}.Release|Any CPU.ActiveCfg = Release|Any CPU
		{8CE60B06-7387-453D-845B-8D6A8CAEC3BF}.Release|Any CPU.Build.0 = Release|Any CPU
		{77FCF25C-2423-4480-9940-AC38B13CF930}.Debug|Any CPU.ActiveCfg = Debug|Any CPU
		{77FCF25C-2423-4480-9940-AC38B13CF930}.Debug|Any CPU.Build.0 = Debug|Any CPU
		{77FCF25C-2423-4480-9940-AC38B13CF930}.Release|Any CPU.ActiveCfg = Release|Any CPU
		{77FCF25C-2423-4480-9940-AC38B13CF930}.Release|Any CPU.Build.0 = Release|Any CPU
		{017B35D4-6C9E-4284-99A4-097DB67E3AC5}.Debug|Any CPU.ActiveCfg = Debug|Any CPU
		{017B35D4-6C9E-4284-99A4-097DB67E3AC5}.Debug|Any CPU.Build.0 = Debug|Any CPU
		{017B35D4-6C9E-4284-99A4-097DB67E3AC5}.Release|Any CPU.ActiveCfg = Release|Any CPU
		{017B35D4-6C9E-4284-99A4-097DB67E3AC5}.Release|Any CPU.Build.0 = Release|Any CPU
		{D775268E-A540-4F74-A4BB-07462FB9EE15}.Debug|Any CPU.ActiveCfg = Debug|Any CPU
		{D775268E-A540-4F74-A4BB-07462FB9EE15}.Debug|Any CPU.Build.0 = Debug|Any CPU
		{D775268E-A540-4F74-A4BB-07462FB9EE15}.Release|Any CPU.ActiveCfg = Release|Any CPU
		{D775268E-A540-4F74-A4BB-07462FB9EE15}.Release|Any CPU.Build.0 = Release|Any CPU
		{3AE9E09E-3873-4EC4-B8EA-4846AEA378AF}.Debug|Any CPU.ActiveCfg = Debug|Any CPU
		{3AE9E09E-3873-4EC4-B8EA-4846AEA378AF}.Debug|Any CPU.Build.0 = Debug|Any CPU
		{3AE9E09E-3873-4EC4-B8EA-4846AEA378AF}.Release|Any CPU.ActiveCfg = Release|Any CPU
		{3AE9E09E-3873-4EC4-B8EA-4846AEA378AF}.Release|Any CPU.Build.0 = Release|Any CPU
		{E0F7B08B-B371-4D39-BFE2-4EE94B2A7F8C}.Debug|Any CPU.ActiveCfg = Debug|Any CPU
		{E0F7B08B-B371-4D39-BFE2-4EE94B2A7F8C}.Debug|Any CPU.Build.0 = Debug|Any CPU
		{E0F7B08B-B371-4D39-BFE2-4EE94B2A7F8C}.Release|Any CPU.ActiveCfg = Release|Any CPU
		{E0F7B08B-B371-4D39-BFE2-4EE94B2A7F8C}.Release|Any CPU.Build.0 = Release|Any CPU
		{52DDCF0C-51C8-4C9C-BBD6-FDE48F8F31AC}.Debug|Any CPU.ActiveCfg = Debug|Any CPU
		{52DDCF0C-51C8-4C9C-BBD6-FDE48F8F31AC}.Debug|Any CPU.Build.0 = Debug|Any CPU
		{52DDCF0C-51C8-4C9C-BBD6-FDE48F8F31AC}.Release|Any CPU.ActiveCfg = Release|Any CPU
		{52DDCF0C-51C8-4C9C-BBD6-FDE48F8F31AC}.Release|Any CPU.Build.0 = Release|Any CPU
		{EB6CF8CA-038C-422A-AA2E-782F5257AFFC}.Debug|Any CPU.ActiveCfg = Debug|Any CPU
		{EB6CF8CA-038C-422A-AA2E-782F5257AFFC}.Debug|Any CPU.Build.0 = Debug|Any CPU
		{EB6CF8CA-038C-422A-AA2E-782F5257AFFC}.Release|Any CPU.ActiveCfg = Release|Any CPU
		{EB6CF8CA-038C-422A-AA2E-782F5257AFFC}.Release|Any CPU.Build.0 = Release|Any CPU
		{FBBD32EF-1DEF-4BE7-BD88-46E904059543}.Debug|Any CPU.ActiveCfg = Debug|Any CPU
		{FBBD32EF-1DEF-4BE7-BD88-46E904059543}.Debug|Any CPU.Build.0 = Debug|Any CPU
		{FBBD32EF-1DEF-4BE7-BD88-46E904059543}.Release|Any CPU.ActiveCfg = Release|Any CPU
		{FBBD32EF-1DEF-4BE7-BD88-46E904059543}.Release|Any CPU.Build.0 = Release|Any CPU
		{ABDBD429-B224-4617-82F2-D7503CCA65B6}.Debug|Any CPU.ActiveCfg = Debug|Any CPU
		{ABDBD429-B224-4617-82F2-D7503CCA65B6}.Debug|Any CPU.Build.0 = Debug|Any CPU
		{ABDBD429-B224-4617-82F2-D7503CCA65B6}.Release|Any CPU.ActiveCfg = Release|Any CPU
		{ABDBD429-B224-4617-82F2-D7503CCA65B6}.Release|Any CPU.Build.0 = Release|Any CPU
		{EDED6A85-3304-477D-832F-27336807B5B4}.Debug|Any CPU.ActiveCfg = Debug|Any CPU
		{EDED6A85-3304-477D-832F-27336807B5B4}.Debug|Any CPU.Build.0 = Debug|Any CPU
		{EDED6A85-3304-477D-832F-27336807B5B4}.Release|Any CPU.ActiveCfg = Release|Any CPU
		{EDED6A85-3304-477D-832F-27336807B5B4}.Release|Any CPU.Build.0 = Release|Any CPU
		{764BB654-B94F-4517-9548-9B4A02E6E399}.Debug|Any CPU.ActiveCfg = Debug|Any CPU
		{764BB654-B94F-4517-9548-9B4A02E6E399}.Debug|Any CPU.Build.0 = Debug|Any CPU
		{764BB654-B94F-4517-9548-9B4A02E6E399}.Release|Any CPU.ActiveCfg = Release|Any CPU
		{764BB654-B94F-4517-9548-9B4A02E6E399}.Release|Any CPU.Build.0 = Release|Any CPU
		{F12ACAAB-5267-46D4-868B-84BABABBDDAE}.Debug|Any CPU.ActiveCfg = Debug|Any CPU
		{F12ACAAB-5267-46D4-868B-84BABABBDDAE}.Debug|Any CPU.Build.0 = Debug|Any CPU
		{F12ACAAB-5267-46D4-868B-84BABABBDDAE}.Release|Any CPU.ActiveCfg = Release|Any CPU
		{F12ACAAB-5267-46D4-868B-84BABABBDDAE}.Release|Any CPU.Build.0 = Release|Any CPU
		{ED1955AB-8662-4DEC-A515-D91F96D97252}.Debug|Any CPU.ActiveCfg = Debug|Any CPU
		{ED1955AB-8662-4DEC-A515-D91F96D97252}.Debug|Any CPU.Build.0 = Debug|Any CPU
		{ED1955AB-8662-4DEC-A515-D91F96D97252}.Release|Any CPU.ActiveCfg = Release|Any CPU
		{ED1955AB-8662-4DEC-A515-D91F96D97252}.Release|Any CPU.Build.0 = Release|Any CPU
		{4A350082-21D9-4061-8626-7E1BE569A342}.Debug|Any CPU.ActiveCfg = Debug|Any CPU
		{4A350082-21D9-4061-8626-7E1BE569A342}.Debug|Any CPU.Build.0 = Debug|Any CPU
		{4A350082-21D9-4061-8626-7E1BE569A342}.Release|Any CPU.ActiveCfg = Release|Any CPU
		{4A350082-21D9-4061-8626-7E1BE569A342}.Release|Any CPU.Build.0 = Release|Any CPU
		{E9A610E3-C584-4D97-B2D3-21E6D482D675}.Debug|Any CPU.ActiveCfg = Debug|Any CPU
		{E9A610E3-C584-4D97-B2D3-21E6D482D675}.Debug|Any CPU.Build.0 = Debug|Any CPU
		{E9A610E3-C584-4D97-B2D3-21E6D482D675}.Release|Any CPU.ActiveCfg = Release|Any CPU
		{E9A610E3-C584-4D97-B2D3-21E6D482D675}.Release|Any CPU.Build.0 = Release|Any CPU
		{926F614F-5F36-4201-8868-327522B217AB}.Debug|Any CPU.ActiveCfg = Debug|Any CPU
		{926F614F-5F36-4201-8868-327522B217AB}.Debug|Any CPU.Build.0 = Debug|Any CPU
		{926F614F-5F36-4201-8868-327522B217AB}.Release|Any CPU.ActiveCfg = Release|Any CPU
		{926F614F-5F36-4201-8868-327522B217AB}.Release|Any CPU.Build.0 = Release|Any CPU
		{A1A38288-3512-43EE-A129-460C364E7180}.Debug|Any CPU.ActiveCfg = Debug|Any CPU
		{A1A38288-3512-43EE-A129-460C364E7180}.Debug|Any CPU.Build.0 = Debug|Any CPU
		{A1A38288-3512-43EE-A129-460C364E7180}.Release|Any CPU.ActiveCfg = Release|Any CPU
		{A1A38288-3512-43EE-A129-460C364E7180}.Release|Any CPU.Build.0 = Release|Any CPU
	EndGlobalSection
	GlobalSection(SolutionProperties) = preSolution
		HideSolutionNode = FALSE
	EndGlobalSection
	GlobalSection(ExtensibilityGlobals) = postSolution
		SolutionGuid = {EEE346D3-A817-423C-9D91-C69C980784EF}
	EndGlobalSection
EndGlobal
